
Microsoft Visual Studio Solution File, Format Version 12.00
# Visual Studio Version 17
VisualStudioVersion = 17.7.34202.233
MinimumVisualStudioVersion = 10.0.40219.1
Project("{FAE04EC0-301F-11D3-BF4B-00C04F79EFBC}") = "Proyecto2EV", "Proyecto2EV\Proyecto2EV.csproj", "{E7958CAF-0123-4FFF-B741-503347516CE5}"
EndProject
Global
	GlobalSection(SolutionConfigurationPlatforms) = preSolution
		Debug|Any CPU = Debug|Any CPU
		Release|Any CPU = Release|Any CPU
	EndGlobalSection
	GlobalSection(ProjectConfigurationPlatforms) = postSolution
		{E7958CAF-0123-4FFF-B741-503347516CE5}.Debug|Any CPU.ActiveCfg = Debug|Any CPU
		{E7958CAF-0123-4FFF-B741-503347516CE5}.Debug|Any CPU.Build.0 = Debug|Any CPU
		{E7958CAF-0123-4FFF-B741-503347516CE5}.Release|Any CPU.ActiveCfg = Release|Any CPU
		{E7958CAF-0123-4FFF-B741-503347516CE5}.Release|Any CPU.Build.0 = Release|Any CPU
	EndGlobalSection
	GlobalSection(SolutionProperties) = preSolution
		HideSolutionNode = FALSE
	EndGlobalSection
	GlobalSection(ExtensibilityGlobals) = postSolution
		SolutionGuid = {9622DDFF-CE81-46E7-A330-787E30A7D36F}
	EndGlobalSection
EndGlobal
